// !$*UTF8*$!
{
	archiveVersion = 1;
	classes = {
	};
	objectVersion = 55;
	objects = {

/* Begin PBXBuildFile section */
		076F143827AE959200EB6D20 /* AppDelegate.swift in Sources */ = {isa = PBXBuildFile; fileRef = 076F143727AE959200EB6D20 /* AppDelegate.swift */; };
		076F143C27AE959200EB6D20 /* ClockViewController.swift in Sources */ = {isa = PBXBuildFile; fileRef = 076F143B27AE959200EB6D20 /* ClockViewController.swift */; };
		076F144227AE959200EB6D20 /* clock.xcdatamodeld in Sources */ = {isa = PBXBuildFile; fileRef = 076F144027AE959200EB6D20 /* clock.xcdatamodeld */; };
		076F144427AE959700EB6D20 /* Assets.xcassets in Resources */ = {isa = PBXBuildFile; fileRef = 076F144327AE959700EB6D20 /* Assets.xcassets */; };
		076F144727AE959700EB6D20 /* LaunchScreen.storyboard in Resources */ = {isa = PBXBuildFile; fileRef = 076F144527AE959700EB6D20 /* LaunchScreen.storyboard */; };
		07A046F027B7FA6B005072F7 /* apiCenter.swift in Sources */ = {isa = PBXBuildFile; fileRef = 07A046EF27B7FA6B005072F7 /* apiCenter.swift */; };
		07A046F227B7FAB2005072F7 /* apiError.swift in Sources */ = {isa = PBXBuildFile; fileRef = 07A046F127B7FAB2005072F7 /* apiError.swift */; };
		07A046F427B7FB00005072F7 /* apiRequest.swift in Sources */ = {isa = PBXBuildFile; fileRef = 07A046F327B7FB00005072F7 /* apiRequest.swift */; };
		07A046F627B7FB28005072F7 /* apiResponse.swift in Sources */ = {isa = PBXBuildFile; fileRef = 07A046F527B7FB28005072F7 /* apiResponse.swift */; };
		07A046F827B7FB4D005072F7 /* baseURL.swift in Sources */ = {isa = PBXBuildFile; fileRef = 07A046F727B7FB4D005072F7 /* baseURL.swift */; };
		07A046FA27B7FBC0005072F7 /* weather.swift in Sources */ = {isa = PBXBuildFile; fileRef = 07A046F927B7FBC0005072F7 /* weather.swift */; };
		07A046FC27B7FC0D005072F7 /* fiveDayWeather.swift in Sources */ = {isa = PBXBuildFile; fileRef = 07A046FB27B7FC0D005072F7 /* fiveDayWeather.swift */; };
		07A046FE27B7FC4B005072F7 /* coordinate.swift in Sources */ = {isa = PBXBuildFile; fileRef = 07A046FD27B7FC4B005072F7 /* coordinate.swift */; };
		07A0470527B7FEBC005072F7 /* userInfo.swift in Sources */ = {isa = PBXBuildFile; fileRef = 07A0470427B7FEBC005072F7 /* userInfo.swift */; };
		07A0470727B7FEF2005072F7 /* celsius.swift in Sources */ = {isa = PBXBuildFile; fileRef = 07A0470627B7FEF2005072F7 /* celsius.swift */; };
		DE4B6C4B27B3CD8C00822AFD /* Animation.swift in Sources */ = {isa = PBXBuildFile; fileRef = DE4B6C4A27B3CD8C00822AFD /* Animation.swift */; };
		DE7E762327B5487300A20BC6 /* Table.swift in Sources */ = {isa = PBXBuildFile; fileRef = DE7E762227B5487300A20BC6 /* Table.swift */; };
		DE9C8AE027B4016A008B9BD4 /* DateExtension.swift in Sources */ = {isa = PBXBuildFile; fileRef = DE9C8ADF27B4016A008B9BD4 /* DateExtension.swift */; };
		DE9E353027B1510C00087074 /* second.swift in Sources */ = {isa = PBXBuildFile; fileRef = DE9E352F27B1510C00087074 /* second.swift */; };
		DEC4CFB827B2AA85007AF6D9 /* ClockSwitch.swift in Sources */ = {isa = PBXBuildFile; fileRef = DEC4CFB727B2AA85007AF6D9 /* ClockSwitch.swift */; };
/* End PBXBuildFile section */

/* Begin PBXFileReference section */
		076F143427AE959200EB6D20 /* clock.app */ = {isa = PBXFileReference; explicitFileType = wrapper.application; includeInIndex = 0; path = clock.app; sourceTree = BUILT_PRODUCTS_DIR; };
		076F143727AE959200EB6D20 /* AppDelegate.swift */ = {isa = PBXFileReference; lastKnownFileType = sourcecode.swift; path = AppDelegate.swift; sourceTree = "<group>"; };
		076F143B27AE959200EB6D20 /* ClockViewController.swift */ = {isa = PBXFileReference; lastKnownFileType = sourcecode.swift; path = ClockViewController.swift; sourceTree = "<group>"; };
		076F144127AE959200EB6D20 /* clock.xcdatamodel */ = {isa = PBXFileReference; lastKnownFileType = wrapper.xcdatamodel; path = clock.xcdatamodel; sourceTree = "<group>"; };
		076F144327AE959700EB6D20 /* Assets.xcassets */ = {isa = PBXFileReference; lastKnownFileType = folder.assetcatalog; path = Assets.xcassets; sourceTree = "<group>"; };
		076F144627AE959700EB6D20 /* Base */ = {isa = PBXFileReference; lastKnownFileType = file.storyboard; name = Base; path = Base.lproj/LaunchScreen.storyboard; sourceTree = "<group>"; };
		076F144827AE959700EB6D20 /* Info.plist */ = {isa = PBXFileReference; lastKnownFileType = text.plist.xml; path = Info.plist; sourceTree = "<group>"; };
		07A046EF27B7FA6B005072F7 /* apiCenter.swift */ = {isa = PBXFileReference; lastKnownFileType = sourcecode.swift; path = apiCenter.swift; sourceTree = "<group>"; };
		07A046F127B7FAB2005072F7 /* apiError.swift */ = {isa = PBXFileReference; lastKnownFileType = sourcecode.swift; path = apiError.swift; sourceTree = "<group>"; };
		07A046F327B7FB00005072F7 /* apiRequest.swift */ = {isa = PBXFileReference; lastKnownFileType = sourcecode.swift; path = apiRequest.swift; sourceTree = "<group>"; };
		07A046F527B7FB28005072F7 /* apiResponse.swift */ = {isa = PBXFileReference; lastKnownFileType = sourcecode.swift; path = apiResponse.swift; sourceTree = "<group>"; };
		07A046F727B7FB4D005072F7 /* baseURL.swift */ = {isa = PBXFileReference; lastKnownFileType = sourcecode.swift; path = baseURL.swift; sourceTree = "<group>"; };
		07A046F927B7FBC0005072F7 /* weather.swift */ = {isa = PBXFileReference; lastKnownFileType = sourcecode.swift; path = weather.swift; sourceTree = "<group>"; };
		07A046FB27B7FC0D005072F7 /* fiveDayWeather.swift */ = {isa = PBXFileReference; lastKnownFileType = sourcecode.swift; path = fiveDayWeather.swift; sourceTree = "<group>"; };
		07A046FD27B7FC4B005072F7 /* coordinate.swift */ = {isa = PBXFileReference; lastKnownFileType = sourcecode.swift; path = coordinate.swift; sourceTree = "<group>"; };
		07A0470427B7FEBC005072F7 /* userInfo.swift */ = {isa = PBXFileReference; lastKnownFileType = sourcecode.swift; path = userInfo.swift; sourceTree = "<group>"; };
		07A0470627B7FEF2005072F7 /* celsius.swift */ = {isa = PBXFileReference; lastKnownFileType = sourcecode.swift; path = celsius.swift; sourceTree = "<group>"; };
		DE4B6C4A27B3CD8C00822AFD /* Animation.swift */ = {isa = PBXFileReference; lastKnownFileType = sourcecode.swift; path = Animation.swift; sourceTree = "<group>"; };
		DE7E762227B5487300A20BC6 /* Table.swift */ = {isa = PBXFileReference; lastKnownFileType = sourcecode.swift; path = Table.swift; sourceTree = "<group>"; };
		DE9C8ADF27B4016A008B9BD4 /* DateExtension.swift */ = {isa = PBXFileReference; lastKnownFileType = sourcecode.swift; path = DateExtension.swift; sourceTree = "<group>"; };
		DE9E352F27B1510C00087074 /* second.swift */ = {isa = PBXFileReference; lastKnownFileType = sourcecode.swift; path = second.swift; sourceTree = "<group>"; };
		DEC4CFB727B2AA85007AF6D9 /* ClockSwitch.swift */ = {isa = PBXFileReference; lastKnownFileType = sourcecode.swift; path = ClockSwitch.swift; sourceTree = "<group>"; };
/* End PBXFileReference section */

/* Begin PBXFrameworksBuildPhase section */
		076F143127AE959200EB6D20 /* Frameworks */ = {
			isa = PBXFrameworksBuildPhase;
			buildActionMask = 2147483647;
			files = (
			);
			runOnlyForDeploymentPostprocessing = 0;
		};
/* End PBXFrameworksBuildPhase section */

/* Begin PBXGroup section */
		076F142B27AE959200EB6D20 = {
			isa = PBXGroup;
			children = (
				076F143627AE959200EB6D20 /* clock */,
				DE9E352F27B1510C00087074 /* second.swift */,
				076F144827AE959700EB6D20 /* Info.plist */,
				076F143527AE959200EB6D20 /* Products */,
			);
			sourceTree = "<group>";
		};
		076F143527AE959200EB6D20 /* Products */ = {
			isa = PBXGroup;
			children = (
				076F143427AE959200EB6D20 /* clock.app */,
			);
			name = Products;
			sourceTree = "<group>";
		};
		076F143627AE959200EB6D20 /* clock */ = {
			isa = PBXGroup;
			children = (
				07A0470327B7FEA1005072F7 /* healper */,
				07A046EE27B7FA48005072F7 /* networking */,
				DEC4CFB627B2AA76007AF6D9 /* CustomView */,
				DE9E352C27B1500B00087074 /* Controllers */,
				DE9E352D27B1501600087074 /* Model */,
				DE9E352E27B1501F00087074 /* SupportFiles */,
			);
			path = clock;
			sourceTree = "<group>";
		};
		07A046EE27B7FA48005072F7 /* networking */ = {
			isa = PBXGroup;
			children = (
				07A046EF27B7FA6B005072F7 /* apiCenter.swift */,
				07A046F127B7FAB2005072F7 /* apiError.swift */,
				07A046F327B7FB00005072F7 /* apiRequest.swift */,
				07A046F527B7FB28005072F7 /* apiResponse.swift */,
				07A046F727B7FB4D005072F7 /* baseURL.swift */,
			);
			path = networking;
			sourceTree = "<group>";
		};
		07A0470327B7FEA1005072F7 /* healper */ = {
			isa = PBXGroup;
			children = (
				07A0470427B7FEBC005072F7 /* userInfo.swift */,
				07A0470627B7FEF2005072F7 /* celsius.swift */,
			);
			path = healper;
			sourceTree = "<group>";
		};
		DE9E352C27B1500B00087074 /* Controllers */ = {
			isa = PBXGroup;
			children = (
				076F143B27AE959200EB6D20 /* ClockViewController.swift */,
			);
			path = Controllers;
			sourceTree = "<group>";
		};
		DE9E352D27B1501600087074 /* Model */ = {
			isa = PBXGroup;
			children = (
				07A046F927B7FBC0005072F7 /* weather.swift */,
				07A046FB27B7FC0D005072F7 /* fiveDayWeather.swift */,
				07A046FD27B7FC4B005072F7 /* coordinate.swift */,
			);
			path = Model;
			sourceTree = "<group>";
		};
		DE9E352E27B1501F00087074 /* SupportFiles */ = {
			isa = PBXGroup;
			children = (
				076F144027AE959200EB6D20 /* clock.xcdatamodeld */,
				076F144327AE959700EB6D20 /* Assets.xcassets */,
				076F144527AE959700EB6D20 /* LaunchScreen.storyboard */,
				076F143727AE959200EB6D20 /* AppDelegate.swift */,
			);
			path = SupportFiles;
			sourceTree = "<group>";
		};
		DEC4CFB627B2AA76007AF6D9 /* CustomView */ = {
			isa = PBXGroup;
			children = (
				DEC4CFB727B2AA85007AF6D9 /* ClockSwitch.swift */,
				DE4B6C4A27B3CD8C00822AFD /* Animation.swift */,
				DE9C8ADF27B4016A008B9BD4 /* DateExtension.swift */,
				DE7E762227B5487300A20BC6 /* Table.swift */,
			);
			path = CustomView;
			sourceTree = "<group>";
		};
/* End PBXGroup section */

/* Begin PBXNativeTarget section */
		076F143327AE959200EB6D20 /* clock */ = {
			isa = PBXNativeTarget;
			buildConfigurationList = 076F144B27AE959700EB6D20 /* Build configuration list for PBXNativeTarget "clock" */;
			buildPhases = (
				076F143027AE959200EB6D20 /* Sources */,
				076F143127AE959200EB6D20 /* Frameworks */,
				076F143227AE959200EB6D20 /* Resources */,
			);
			buildRules = (
			);
			dependencies = (
			);
			name = clock;
			productName = clock;
			productReference = 076F143427AE959200EB6D20 /* clock.app */;
			productType = "com.apple.product-type.application";
		};
/* End PBXNativeTarget section */

/* Begin PBXProject section */
		076F142C27AE959200EB6D20 /* Project object */ = {
			isa = PBXProject;
			attributes = {
				BuildIndependentTargetsInParallel = 1;
				LastSwiftUpdateCheck = 1320;
				LastUpgradeCheck = 1320;
				TargetAttributes = {
					076F143327AE959200EB6D20 = {
						CreatedOnToolsVersion = 13.2.1;
					};
				};
			};
			buildConfigurationList = 076F142F27AE959200EB6D20 /* Build configuration list for PBXProject "clock" */;
			compatibilityVersion = "Xcode 13.0";
			developmentRegion = en;
			hasScannedForEncodings = 0;
			knownRegions = (
				en,
				Base,
			);
			mainGroup = 076F142B27AE959200EB6D20;
			productRefGroup = 076F143527AE959200EB6D20 /* Products */;
			projectDirPath = "";
			projectRoot = "";
			targets = (
				076F143327AE959200EB6D20 /* clock */,
			);
		};
/* End PBXProject section */

/* Begin PBXResourcesBuildPhase section */
		076F143227AE959200EB6D20 /* Resources */ = {
			isa = PBXResourcesBuildPhase;
			buildActionMask = 2147483647;
			files = (
				076F144727AE959700EB6D20 /* LaunchScreen.storyboard in Resources */,
				076F144427AE959700EB6D20 /* Assets.xcassets in Resources */,
			);
			runOnlyForDeploymentPostprocessing = 0;
		};
/* End PBXResourcesBuildPhase section */

/* Begin PBXSourcesBuildPhase section */
		076F143027AE959200EB6D20 /* Sources */ = {
			isa = PBXSourcesBuildPhase;
			buildActionMask = 2147483647;
			files = (
				076F143C27AE959200EB6D20 /* ClockViewController.swift in Sources */,
				07A046F227B7FAB2005072F7 /* apiError.swift in Sources */,
				07A046F827B7FB4D005072F7 /* baseURL.swift in Sources */,
				07A046FE27B7FC4B005072F7 /* coordinate.swift in Sources */,
				DE4B6C4B27B3CD8C00822AFD /* Animation.swift in Sources */,
				DEC4CFB827B2AA85007AF6D9 /* ClockSwitch.swift in Sources */,
				07A046F627B7FB28005072F7 /* apiResponse.swift in Sources */,
				07A046F027B7FA6B005072F7 /* apiCenter.swift in Sources */,
				DE9C8AE027B4016A008B9BD4 /* DateExtension.swift in Sources */,
				076F143827AE959200EB6D20 /* AppDelegate.swift in Sources */,
				DE7E762327B5487300A20BC6 /* Table.swift in Sources */,
				07A0470727B7FEF2005072F7 /* celsius.swift in Sources */,
				076F144227AE959200EB6D20 /* clock.xcdatamodeld in Sources */,
				DE9E353027B1510C00087074 /* second.swift in Sources */,
				07A046FA27B7FBC0005072F7 /* weather.swift in Sources */,
				07A046F427B7FB00005072F7 /* apiRequest.swift in Sources */,
				07A046FC27B7FC0D005072F7 /* fiveDayWeather.swift in Sources */,
				07A0470527B7FEBC005072F7 /* userInfo.swift in Sources */,
			);
			runOnlyForDeploymentPostprocessing = 0;
		};
/* End PBXSourcesBuildPhase section */

/* Begin PBXVariantGroup section */
		076F144527AE959700EB6D20 /* LaunchScreen.storyboard */ = {
			isa = PBXVariantGroup;
			children = (
				076F144627AE959700EB6D20 /* Base */,
			);
			name = LaunchScreen.storyboard;
			sourceTree = "<group>";
		};
/* End PBXVariantGroup section */

/* Begin XCBuildConfiguration section */
		076F144927AE959700EB6D20 /* Debug */ = {
			isa = XCBuildConfiguration;
			buildSettings = {
				ALWAYS_SEARCH_USER_PATHS = NO;
				CLANG_ANALYZER_NONNULL = YES;
				CLANG_ANALYZER_NUMBER_OBJECT_CONVERSION = YES_AGGRESSIVE;
				CLANG_CXX_LANGUAGE_STANDARD = "gnu++17";
				CLANG_CXX_LIBRARY = "libc++";
				CLANG_ENABLE_MODULES = YES;
				CLANG_ENABLE_OBJC_ARC = YES;
				CLANG_ENABLE_OBJC_WEAK = YES;
				CLANG_WARN_BLOCK_CAPTURE_AUTORELEASING = YES;
				CLANG_WARN_BOOL_CONVERSION = YES;
				CLANG_WARN_COMMA = YES;
				CLANG_WARN_CONSTANT_CONVERSION = YES;
				CLANG_WARN_DEPRECATED_OBJC_IMPLEMENTATIONS = YES;
				CLANG_WARN_DIRECT_OBJC_ISA_USAGE = YES_ERROR;
				CLANG_WARN_DOCUMENTATION_COMMENTS = YES;
				CLANG_WARN_EMPTY_BODY = YES;
				CLANG_WARN_ENUM_CONVERSION = YES;
				CLANG_WARN_INFINITE_RECURSION = YES;
				CLANG_WARN_INT_CONVERSION = YES;
				CLANG_WARN_NON_LITERAL_NULL_CONVERSION = YES;
				CLANG_WARN_OBJC_IMPLICIT_RETAIN_SELF = YES;
				CLANG_WARN_OBJC_LITERAL_CONVERSION = YES;
				CLANG_WARN_OBJC_ROOT_CLASS = YES_ERROR;
				CLANG_WARN_QUOTED_INCLUDE_IN_FRAMEWORK_HEADER = YES;
				CLANG_WARN_RANGE_LOOP_ANALYSIS = YES;
				CLANG_WARN_STRICT_PROTOTYPES = YES;
				CLANG_WARN_SUSPICIOUS_MOVE = YES;
				CLANG_WARN_UNGUARDED_AVAILABILITY = YES_AGGRESSIVE;
				CLANG_WARN_UNREACHABLE_CODE = YES;
				CLANG_WARN__DUPLICATE_METHOD_MATCH = YES;
				COPY_PHASE_STRIP = NO;
				DEBUG_INFORMATION_FORMAT = dwarf;
				ENABLE_STRICT_OBJC_MSGSEND = YES;
				ENABLE_TESTABILITY = YES;
				GCC_C_LANGUAGE_STANDARD = gnu11;
				GCC_DYNAMIC_NO_PIC = NO;
				GCC_NO_COMMON_BLOCKS = YES;
				GCC_OPTIMIZATION_LEVEL = 0;
				GCC_PREPROCESSOR_DEFINITIONS = (
					"DEBUG=1",
					"$(inherited)",
				);
				GCC_WARN_64_TO_32_BIT_CONVERSION = YES;
				GCC_WARN_ABOUT_RETURN_TYPE = YES_ERROR;
				GCC_WARN_UNDECLARED_SELECTOR = YES;
				GCC_WARN_UNINITIALIZED_AUTOS = YES_AGGRESSIVE;
				GCC_WARN_UNUSED_FUNCTION = YES;
				GCC_WARN_UNUSED_VARIABLE = YES;
				IPHONEOS_DEPLOYMENT_TARGET = 15.2;
				MTL_ENABLE_DEBUG_INFO = INCLUDE_SOURCE;
				MTL_FAST_MATH = YES;
				ONLY_ACTIVE_ARCH = YES;
				SDKROOT = iphoneos;
				SWIFT_ACTIVE_COMPILATION_CONDITIONS = DEBUG;
				SWIFT_OPTIMIZATION_LEVEL = "-Onone";
			};
			name = Debug;
		};
		076F144A27AE959700EB6D20 /* Release */ = {
			isa = XCBuildConfiguration;
			buildSettings = {
				ALWAYS_SEARCH_USER_PATHS = NO;
				CLANG_ANALYZER_NONNULL = YES;
				CLANG_ANALYZER_NUMBER_OBJECT_CONVERSION = YES_AGGRESSIVE;
				CLANG_CXX_LANGUAGE_STANDARD = "gnu++17";
				CLANG_CXX_LIBRARY = "libc++";
				CLANG_ENABLE_MODULES = YES;
				CLANG_ENABLE_OBJC_ARC = YES;
				CLANG_ENABLE_OBJC_WEAK = YES;
				CLANG_WARN_BLOCK_CAPTURE_AUTORELEASING = YES;
				CLANG_WARN_BOOL_CONVERSION = YES;
				CLANG_WARN_COMMA = YES;
				CLANG_WARN_CONSTANT_CONVERSION = YES;
				CLANG_WARN_DEPRECATED_OBJC_IMPLEMENTATIONS = YES;
				CLANG_WARN_DIRECT_OBJC_ISA_USAGE = YES_ERROR;
				CLANG_WARN_DOCUMENTATION_COMMENTS = YES;
				CLANG_WARN_EMPTY_BODY = YES;
				CLANG_WARN_ENUM_CONVERSION = YES;
				CLANG_WARN_INFINITE_RECURSION = YES;
				CLANG_WARN_INT_CONVERSION = YES;
				CLANG_WARN_NON_LITERAL_NULL_CONVERSION = YES;
				CLANG_WARN_OBJC_IMPLICIT_RETAIN_SELF = YES;
				CLANG_WARN_OBJC_LITERAL_CONVERSION = YES;
				CLANG_WARN_OBJC_ROOT_CLASS = YES_ERROR;
				CLANG_WARN_QUOTED_INCLUDE_IN_FRAMEWORK_HEADER = YES;
				CLANG_WARN_RANGE_LOOP_ANALYSIS = YES;
				CLANG_WARN_STRICT_PROTOTYPES = YES;
				CLANG_WARN_SUSPICIOUS_MOVE = YES;
				CLANG_WARN_UNGUARDED_AVAILABILITY = YES_AGGRESSIVE;
				CLANG_WARN_UNREACHABLE_CODE = YES;
				CLANG_WARN__DUPLICATE_METHOD_MATCH = YES;
				COPY_PHASE_STRIP = NO;
				DEBUG_INFORMATION_FORMAT = "dwarf-with-dsym";
				ENABLE_NS_ASSERTIONS = NO;
				ENABLE_STRICT_OBJC_MSGSEND = YES;
				GCC_C_LANGUAGE_STANDARD = gnu11;
				GCC_NO_COMMON_BLOCKS = YES;
				GCC_WARN_64_TO_32_BIT_CONVERSION = YES;
				GCC_WARN_ABOUT_RETURN_TYPE = YES_ERROR;
				GCC_WARN_UNDECLARED_SELECTOR = YES;
				GCC_WARN_UNINITIALIZED_AUTOS = YES_AGGRESSIVE;
				GCC_WARN_UNUSED_FUNCTION = YES;
				GCC_WARN_UNUSED_VARIABLE = YES;
				IPHONEOS_DEPLOYMENT_TARGET = 15.2;
				MTL_ENABLE_DEBUG_INFO = NO;
				MTL_FAST_MATH = YES;
				SDKROOT = iphoneos;
				SWIFT_COMPILATION_MODE = wholemodule;
				SWIFT_OPTIMIZATION_LEVEL = "-O";
				VALIDATE_PRODUCT = YES;
			};
			name = Release;
		};
		076F144C27AE959700EB6D20 /* Debug */ = {
			isa = XCBuildConfiguration;
			buildSettings = {
				ASSETCATALOG_COMPILER_APPICON_NAME = AppIcon;
				ASSETCATALOG_COMPILER_GLOBAL_ACCENT_COLOR_NAME = AccentColor;
				CODE_SIGN_IDENTITY = "Apple Development";
				CODE_SIGN_STYLE = Automatic;
				CURRENT_PROJECT_VERSION = 1;
				DEVELOPMENT_TEAM = "";
				GENERATE_INFOPLIST_FILE = YES;
				INFOPLIST_FILE = clock/Info.plist;
				INFOPLIST_KEY_UIApplicationSupportsIndirectInputEvents = YES;
				INFOPLIST_KEY_UILaunchStoryboardName = LaunchScreen;
				INFOPLIST_KEY_UISupportedInterfaceOrientations_iPad = "UIInterfaceOrientationPortrait UIInterfaceOrientationPortraitUpsideDown UIInterfaceOrientationLandscapeLeft UIInterfaceOrientationLandscapeRight";
				INFOPLIST_KEY_UISupportedInterfaceOrientations_iPhone = "UIInterfaceOrientationPortrait UIInterfaceOrientationLandscapeLeft UIInterfaceOrientationLandscapeRight";
				LD_RUNPATH_SEARCH_PATHS = (
					"$(inherited)",
					"@executable_path/Frameworks",
				);
				MARKETING_VERSION = 1.0;
				PRODUCT_BUNDLE_IDENTIFIER = .clock;
				PRODUCT_NAME = "$(TARGET_NAME)";
				PROVISIONING_PROFILE_SPECIFIER = "";
				SWIFT_EMIT_LOC_STRINGS = YES;
				SWIFT_VERSION = 5.0;
				TARGETED_DEVICE_FAMILY = "1,2";
			};
			name = Debug;
		};
		076F144D27AE959700EB6D20 /* Release */ = {
			isa = XCBuildConfiguration;
			buildSettings = {
				ASSETCATALOG_COMPILER_APPICON_NAME = AppIcon;
				ASSETCATALOG_COMPILER_GLOBAL_ACCENT_COLOR_NAME = AccentColor;
				CODE_SIGN_IDENTITY = "Apple Development";
				CODE_SIGN_STYLE = Automatic;
				CURRENT_PROJECT_VERSION = 1;
				DEVELOPMENT_TEAM = "";
				GENERATE_INFOPLIST_FILE = YES;
				INFOPLIST_FILE = clock/Info.plist;
				INFOPLIST_KEY_UIApplicationSupportsIndirectInputEvents = YES;
				INFOPLIST_KEY_UILaunchStoryboardName = LaunchScreen;
				INFOPLIST_KEY_UISupportedInterfaceOrientations_iPad = "UIInterfaceOrientationPortrait UIInterfaceOrientationPortraitUpsideDown UIInterfaceOrientationLandscapeLeft UIInterfaceOrientationLandscapeRight";
				INFOPLIST_KEY_UISupportedInterfaceOrientations_iPhone = "UIInterfaceOrientationPortrait UIInterfaceOrientationLandscapeLeft UIInterfaceOrientationLandscapeRight";
				LD_RUNPATH_SEARCH_PATHS = (
					"$(inherited)",
					"@executable_path/Frameworks",
				);
				MARKETING_VERSION = 1.0;
				PRODUCT_BUNDLE_IDENTIFIER = .clock;
				PRODUCT_NAME = "$(TARGET_NAME)";
				PROVISIONING_PROFILE_SPECIFIER = "";
				SWIFT_EMIT_LOC_STRINGS = YES;
				SWIFT_VERSION = 5.0;
				TARGETED_DEVICE_FAMILY = "1,2";
			};
			name = Release;
		};
/* End XCBuildConfiguration section */

/* Begin XCConfigurationList section */
		076F142F27AE959200EB6D20 /* Build configuration list for PBXProject "clock" */ = {
			isa = XCConfigurationList;
			buildConfigurations = (
				076F144927AE959700EB6D20 /* Debug */,
				076F144A27AE959700EB6D20 /* Release */,
			);
			defaultConfigurationIsVisible = 0;
			defaultConfigurationName = Release;
		};
		076F144B27AE959700EB6D20 /* Build configuration list for PBXNativeTarget "clock" */ = {
			isa = XCConfigurationList;
			buildConfigurations = (
				076F144C27AE959700EB6D20 /* Debug */,
				076F144D27AE959700EB6D20 /* Release */,
			);
			defaultConfigurationIsVisible = 0;
			defaultConfigurationName = Release;
		};
/* End XCConfigurationList section */

/* Begin XCVersionGroup section */
		076F144027AE959200EB6D20 /* clock.xcdatamodeld */ = {
			isa = XCVersionGroup;
			children = (
				076F144127AE959200EB6D20 /* clock.xcdatamodel */,
			);
			currentVersion = 076F144127AE959200EB6D20 /* clock.xcdatamodel */;
			path = clock.xcdatamodeld;
			sourceTree = "<group>";
			versionGroupType = wrapper.xcdatamodel;
		};
/* End XCVersionGroup section */
	};
	rootObject = 076F142C27AE959200EB6D20 /* Project object */;
}
